
Microsoft Visual Studio Solution File, Format Version 12.00
# Visual Studio 15
VisualStudioVersion = 15.0.28307.539
MinimumVisualStudioVersion = 10.0.40219.1
Project("{FAE04EC0-301F-11D3-BF4B-00C04F79EFBC}") = "Twitter", "LubovAutomationTest\Twitter.csproj", "{04AECC2F-B4F2-488C-89B7-F1D57CA15FAA}"
EndProject
Project("{FAE04EC0-301F-11D3-BF4B-00C04F79EFBC}") = "API", "API\API.csproj", "{966203B2-0E55-4A2D-9213-52FCD4D2E5F4}"
EndProject
Global
	GlobalSection(SolutionConfigurationPlatforms) = preSolution
		Debug|Any CPU = Debug|Any CPU
		Release|Any CPU = Release|Any CPU
	EndGlobalSection
	GlobalSection(ProjectConfigurationPlatforms) = postSolution
		{04AECC2F-B4F2-488C-89B7-F1D57CA15FAA}.Debug|Any CPU.ActiveCfg = Debug|Any CPU
		{04AECC2F-B4F2-488C-89B7-F1D57CA15FAA}.Debug|Any CPU.Build.0 = Debug|Any CPU
		{04AECC2F-B4F2-488C-89B7-F1D57CA15FAA}.Release|Any CPU.ActiveCfg = Release|Any CPU
		{04AECC2F-B4F2-488C-89B7-F1D57CA15FAA}.Release|Any CPU.Build.0 = Release|Any CPU
		{966203B2-0E55-4A2D-9213-52FCD4D2E5F4}.Debug|Any CPU.ActiveCfg = Debug|Any CPU
		{966203B2-0E55-4A2D-9213-52FCD4D2E5F4}.Debug|Any CPU.Build.0 = Debug|Any CPU
		{966203B2-0E55-4A2D-9213-52FCD4D2E5F4}.Release|Any CPU.ActiveCfg = Release|Any CPU
		{966203B2-0E55-4A2D-9213-52FCD4D2E5F4}.Release|Any CPU.Build.0 = Release|Any CPU
	EndGlobalSection
	GlobalSection(SolutionProperties) = preSolution
		HideSolutionNode = FALSE
	EndGlobalSection
	GlobalSection(ExtensibilityGlobals) = postSolution
		SolutionGuid = {A5253F43-5036-4127-B6D8-D2FD4B375217}
	EndGlobalSection
EndGlobal
